---
schema_version: 2
as_of: "2026-08-19"
compatibility_review_status: "phase-4-live-bootstrap-verified"

platform:
  project: "verda-platform-takehome"
  kubernetes_version: "1.35.7"
  kubernetes_minor: "1.35"
  kubernetes_schema_version: "1.35.0"

terraform:
  implementation: "terraform"
  version: "1.15.8"
  source: "https://developer.hashicorp.com/terraform/install"

verda_cli:
  version: "1.8.1"
  source: "https://docs.verda.com/cli/"
  delivery: "host-prerequisite-for-cloud-phases"

providers:
  verda:
    source: "verda-cloud/verda"
    version: "1.1.2"
    constraint: "= 1.1.2"
    registry: "https://registry.terraform.io/providers/verda-cloud/verda/1.1.2"
    schema_evidence: "evidence/phase-0/provider-schema-summary.md"
  rancher2:
    source: "rancher/rancher2"
    version: null
    selection_status: "deferred-until-provider-is-used"

rke2:
  version: "v1.35.7+rke2r1"
  kubernetes_minor: "1.35"
  release_ref: "382a8b31a8fd78e376ab6f02c4bb0ec5592aada2"
  rancher_version: "2.14.3"
  rancher_compatibility_source: >-
    https://www.suse.com/suse-rancher/support-matrix/all-supported-versions/rancher-v2-14-3/
  release_published_at: "2026-08-04T20:03:30Z"
  release_status: "stable-non-draft-non-prerelease"
  installer_source: >-
    https://raw.githubusercontent.com/rancher/rke2/382a8b31a8fd78e376ab6f02c4bb0ec5592aada2/install.sh
  installer_sha256: "2d24db2184dd6b1a5e281fa45cc9a8234c889394721746f89b5fe953fdaaf40a"
  linux_amd64_tarball: >-
    https://github.com/rancher/rke2/releases/download/v1.35.7%2Brke2r1/rke2.linux-amd64.tar.gz
  linux_amd64_tarball_sha256: "7a29a6fbf512903a6a4611a289bcb3bdf01ddeea9df1a09b1bd1f210f3d6948a"
  images_core_linux_amd64: >-
    https://github.com/rancher/rke2/releases/download/v1.35.7%2Brke2r1/rke2-images-core.linux-amd64.tar.zst
  images_core_linux_amd64_sha256: "f7d4aad521229dfa820a3dea2365582681aa1aa4a076bd02122b0ac0eb79e265"
  images_cilium_linux_amd64: >-
    https://github.com/rancher/rke2/releases/download/v1.35.7%2Brke2r1/rke2-images-cilium.linux-amd64.tar.zst
  images_cilium_linux_amd64_sha256: "dc9cb3d8af8db6a0a0312e3be3e31b1fa44a20731b8d3f7a1e30e8481940c12c"
  image_delivery: "checksum-pinned official air-gap core plus Cilium archives"
  kubernetes_version: "v1.35.7"
  etcd_version: "v3.6.14-k3s1"
  containerd_version: "v2.2.6-k3s1"
  cilium_version: "v1.19.6"
  cilium_chart_version: "1.19.601"
  cilium_chart_sha256: "1d8e9a91426c039715b197deb04a65231de2d42c54149e241ed40fc9c3e827fc"
  traefik_version: "v3.7.8"
  traefik_chart_version: "40.1.009"
  traefik_chart_sha256: "388339b673815c3f3b54f43100900fffa45661242e12d17c16e1ea88777d3a35"
  selection_status: "phase-4-verified-compatible"

helm:
  version: "3.21.4"
  rationale: >-
    Latest stable Helm 3 line; Rancher 2.12+ requires Helm >=3.18.
    Helm 4 is excluded from this compatibility path.

helm_charts:
  argocd: {version: "10.3.3", app_version: "v3.5.1", source: "https://argoproj.github.io/argo-helm/index.yaml"}
  cert_manager: {version: "v1.21.1", app_version: "v1.21.1", source: "https://charts.jetstack.io/index.yaml"}
  rancher:
    version: "2.14.3"
    app_version: "v2.14.3"
    source: "https://releases.rancher.com/server-charts/stable/index.yaml"
  longhorn: {version: "1.12.1", app_version: "v1.12.1", source: "https://charts.longhorn.io/index.yaml"}
  harbor:
    version: "1.19.2"
    app_version: "2.15.2"
    source: "https://github.com/goharbor/harbor-helm/releases/tag/v1.19.2"
  kube_prometheus_stack:
    version: "88.3.0"
    app_version: "v0.93.0"
    source: "https://prometheus-community.github.io/helm-charts/index.yaml"
  loki: {version: "7.3.0", app_version: "3.6.12", source: "https://grafana.github.io/helm-charts/index.yaml"}
  alloy: {version: "1.11.1", app_version: "v1.18.1", source: "https://grafana.github.io/helm-charts/index.yaml"}
  sealed_secrets:
    version: "2.19.0"
    app_version: "0.38.1"
    source_ref: "v0.38.1"
    source: "https://github.com/bitnami-labs/sealed-secrets/releases/tag/v0.38.1"
  kyverno:
    version: "3.8.2"
    app_version: "v1.18.2"
    source: "https://raw.githubusercontent.com/kyverno/kyverno/v1.18.2/charts/kyverno/Chart.yaml"
  velero: {version: "12.1.0", app_version: "1.18.1", source: "https://vmware-tanzu.github.io/helm-charts/index.yaml"}
  kueue:
    version: "0.19.1"
    app_version: "v0.19.1"
    source: "https://raw.githubusercontent.com/kubernetes-sigs/kueue/v0.19.1/charts/kueue/Chart.yaml"

quality_tools:
  aqua: {version: "2.62.3", command: "aqua", version_args: ["--version"]}
  terraform: {version: "1.15.8", command: "terraform", version_args: ["version"]}
  tflint: {version: "0.64.0", command: "tflint", version_args: ["--version"]}
  trivy: {version: "0.74.0", command: "trivy", version_args: ["--version"]}
  ansible_core: {version: "2.21.3", command: "ansible", version_args: ["--version"]}
  ansible_lint: {version: "26.8.0", command: "ansible-lint", version_args: ["--version"]}
  yamllint: {version: "1.38.0", command: "yamllint", version_args: ["--version"]}
  shellcheck: {version: "0.11.0", command: "shellcheck", version_args: ["--version"]}
  helm: {version: "3.21.4", command: "helm", version_args: ["version", "--short"]}
  kubectl: {version: "1.35.7", command: "kubectl", version_args: ["version", "--client"]}
  kubeconform: {version: "0.8.0", command: "kubeconform", version_args: ["-v"]}
  kyverno: {version: "1.18.2", command: "kyverno", version_args: ["version"]}
  promtool: {version: "3.13.2", command: "promtool", version_args: ["--version"]}
  gitleaks: {version: "8.30.1", command: "gitleaks", version_args: ["version"]}
  pre_commit: {version: "4.6.2", command: "pre-commit", version_args: ["--version"]}
  pymarkdown: {version: "0.9.39", command: "pymarkdown", version_args: ["version"]}
  hadolint: {version: "2.15.1", command: "hadolint", version_args: ["--version"]}
  actionlint: {version: "1.7.12", command: "actionlint", version_args: ["-version"]}

tool_delivery:
  quality_image: "verda-platform-quality:phase1-2026-08-16"
  base_image: "python:3.13.11-slim-bookworm@sha256:20080e807bfc404f8450b185cf0fc95d553462673598549613735f70a5b4d5d0"
  aqua_registry_ref: "v4.552.0"
  aqua_registry_commit: "2dd9bbf64c7a550c0cbf45fabde630797efc001f"
  validation_network: "none"

future_phase_clis:
  argocd: {version: null, status: "not-required-before-phase-5"}
  rancher: {version: null, status: "not-selected-no-rancher-cli-architecture-decision"}
  cilium:
    version: "v0.19.7"
    status: "phase-4-live-bootstrap-verified"
    source: "https://github.com/cilium/cilium-cli/releases/tag/v0.19.7"
    linux_amd64_sha256: "cd15e0983bf0acc7946cd05d453d1e58376ea92dec2642e745212df2b07d8852"
  velero: {version: null, status: "not-required-before-phase-5"}
  cosign: {version: null, status: "not-required-before-phase-6"}
  syft: {version: null, status: "not-selected"}

images:
  verda_os_image_configuration_id: "77edfb23-bb0d-41cc-a191-dccae45d96fd"
  verda_os_image_name: "Ubuntu 24.04 LTS Minimal"
  demo_base_reference: null
  demo_base_status: "deferred-until-application-build-phase"

ci_actions:
  checkout:
    uses: "actions/checkout"
    release: "v6"
    sha: "d23441a48e516b6c34aea4fa41551a30e30af803"
  cache:
    uses: "actions/cache"
    release: "v5"
    sha: "caa296126883cff596d87d8935842f9db880ef25"
  upload_artifact:
    uses: "actions/upload-artifact"
    release: "v7.0.1"
    sha: "043fb46d1a93c77aae656e7c1c64a875d1fc6a0a"
