---
schema_version: 1
kubernetes:
  version: "1.35.0"
  repository: "https://github.com/yannh/kubernetes-json-schema"
  commit: "c8f4e61c63bc529749125ac566bccc6986e08d45"
  files:
    - {name: configmap-v1.json, sha256: e0eaddebd677c08aa092b2da2264d86ac4fc34eed112b9fac2945b3f00c1e9b1}
    - {name: namespace-v1.json, sha256: 324fae677b98d1a6d54340db0c334d053e8ffbafceb3f73326e41de2610d5843}
    - {name: pod-v1.json, sha256: ab3eec94c85e6b166a62312ddb919fb747a53d1f5701a77befb17419361b52b0}
    - {name: secret-v1.json, sha256: de761ccb06bd1d2c641fb57397f61b68e7ff53a384f0817ce40e5ded8cee86f3}
    - {name: deployment-apps-v1.json, sha256: 46dc7cc4bec2c9a62400491e2b8057635afbfa6838999c518f7bea5c621a989b}
    - {name: daemonset-apps-v1.json, sha256: d6adf88a0790ee7c51f240b01712aaafc897fd2212633aa76331c2a38c216789}
    - {name: service-v1.json, sha256: 8bf019854daed511e7c174896a898173fa65d88ec5937c687a37303d4cc9351b}
    - {name: networkpolicy-networking-v1.json, sha256: f6324cc464f62228b0418f438d167208e4f86c7e3677ba30f608e79a8b26ba79}
    - {name: ingress-networking-v1.json, sha256: 4e0f63ad84c2bf22565e489d1f4b885ddaa9f6bf7cff1ddd562553760afe4d79}
    - {name: storageclass-storage-v1.json, sha256: 9704bb88ec73ed37f8d565dbd2d2ee1e8ee61b5ec63c96a5a61926d6971ef3c9}
    - {name: statefulset-apps-v1.json, sha256: da78ed86dce07983c3e54c565def2c2e478fd458155ac7cd56cf671e88e16ee2}
    - {name: job-batch-v1.json, sha256: 514d04ed5540a4d6354bff1ace0bd5155c98c58bcd33a030d1500427387fa97f}
    - name: poddisruptionbudget-policy-v1.json
      sha256: da73f50ad0264d73f668eecaa9959da65afe2846602a7a5c8fd51f7799d6a258
    - {name: serviceaccount-v1.json, sha256: 8193d6c3561475c6d3d5c44e1faedb1df53905373d904bc17015694326d659cf}
    - {name: clusterrole-rbac-v1.json, sha256: 0777f91c4fa08bd3989b6db8c59dad0429a63dec8f59e883ff55c947a14d0d5f}
    - {name: clusterrolebinding-rbac-v1.json, sha256: e2d0471b444cf7ea4fd69d7eba1b16e06215503bfbc650450c2b6ad9b40f863c}
    - {name: role-rbac-v1.json, sha256: dfe8fb03b1642f985b57b12edd1727b6867c13ed4b6761ef81bdd51b1d236711}
    - {name: rolebinding-rbac-v1.json, sha256: 87ab620d0adddcd2803b92357fce2854af752326df8c5408a7588aae98b3031d}
    - name: mutatingwebhookconfiguration-admissionregistration-v1.json
      sha256: 816c8763e72d955cbe41d3ca45ef40877e82f6e12155a7229fb29c225f5812ba
    - name: validatingwebhookconfiguration-admissionregistration-v1.json
      sha256: cc85149054a94bfee52315f4abbe4846023ae878b25a2cb79aa9b80dc2383479
    - {name: priorityclass-scheduling-v1.json, sha256: e9e6a95c984a39cfed9e5b2d7d55fb0f6f5511dffe508afc27db77238bce8f7f}
    - name: persistentvolumeclaim-v1.json
      sha256: 6136871ac0337f11a48da5231a2807407c7386967e3432f344141b902f6a538c
    - name: resourcequota-v1.json
      sha256: 9546ed313e622ea84a0ab1ec7ef7e683f05acfbfe97beb746f0b5be6407691df
    - name: limitrange-v1.json
      sha256: de9bfabf9ea0bff36b71e5e686d3ecce5246b098061f39a70549f82f8f03acd7

crds:
  materialized:
    - name: argocd-application
      group: argoproj.io
      version: v1alpha1
      kind: Application
      source: >-
        https://raw.githubusercontent.com/argoproj/argo-cd/v3.5.1/manifests/crds/application-crd.yaml
      source_sha256: 5dde0e229249b6b707beb98674c1deae3949d5c319a6c45b9f5a80c99618e40c
      output: application-argoproj-v1alpha1.json
      output_sha256: 4b9cc2cd0c7b514dc1afd0583b433a76e041b15a33e5ae0d77d31ffeaba95fb7
    - name: argocd-appproject
      group: argoproj.io
      version: v1alpha1
      kind: AppProject
      source: >-
        https://raw.githubusercontent.com/argoproj/argo-cd/v3.5.1/manifests/crds/appproject-crd.yaml
      source_sha256: ab225266944322750136f1198d93786e4a79a0e43c8d149abfba44da30a3eac8
      output: appproject-argoproj-v1alpha1.json
      output_sha256: a925e876d351242b61a25eb67bc20d362dea3f1e3c4592c415313cd3a7706138
    - name: cert-manager-certificate
      group: cert-manager.io
      version: v1
      kind: Certificate
      source: >-
        https://raw.githubusercontent.com/cert-manager/cert-manager/v1.21.1/deploy/charts/cert-manager/templates/crd-cert-manager.io_certificates.yaml
      source_sha256: 1ff2eebd2787fe59faaba101a4578ae362e53d104f4fb101dc2068af61e5c906
      normalization: cert-manager-helm-template-v1
      output: certificate-cert-manager-v1.json
      output_sha256: 4377a3e47af7ae6331dc2cec640bfe4fbed26e5bad72adb55042cdd7a9bd6f19
    - name: cert-manager-clusterissuer
      group: cert-manager.io
      version: v1
      kind: ClusterIssuer
      source: >-
        https://raw.githubusercontent.com/cert-manager/cert-manager/v1.21.1/deploy/charts/cert-manager/templates/crd-cert-manager.io_clusterissuers.yaml
      source_sha256: 7a11332bcc0070db7bb94d65d5cb3afe438946510a777872817acb30301102ff
      normalization: cert-manager-helm-template-v1
      output: clusterissuer-cert-manager-v1.json
      output_sha256: 46edaa68664fa04807ce7096efd4ded4eeca118e74f1091a411a41f4ec37eff4
    - name: cert-manager-issuer
      group: cert-manager.io
      version: v1
      kind: Issuer
      source: >-
        https://raw.githubusercontent.com/cert-manager/cert-manager/v1.21.1/deploy/charts/cert-manager/templates/crd-cert-manager.io_issuers.yaml
      source_sha256: e3db1d63c89d7fc825054bc012cfe975af9461c59ae2fd28a71ba17ea69bcb37
      normalization: cert-manager-helm-template-v1
      output: issuer-cert-manager-v1.json
      output_sha256: 731ff1978cd020d482ec18aedfbfc898c05cb941b03414f48ade05f9d1950f3d
    - name: kyverno-clusterpolicy
      group: kyverno.io
      version: v1
      kind: ClusterPolicy
      source: >-
        https://raw.githubusercontent.com/kyverno/kyverno/v1.18.2/config/crds/kyverno/kyverno.io_clusterpolicies.yaml
      source_sha256: dedea55e3880be180ba67e79183163fe7b97144e53054f812645fd6aae285cb1
      output: clusterpolicy-kyverno-v1.json
      output_sha256: be0c330180086c7b3c3a222ab3e161fe2c9b415714637edfa258bfc957ea18ca
    - name: kyverno-policyexception
      group: kyverno.io
      version: v2
      kind: PolicyException
      source: >-
        https://raw.githubusercontent.com/kyverno/kyverno/v1.18.2/config/crds/kyverno/kyverno.io_policyexceptions.yaml
      source_sha256: 83d0478d61e88890c0dbf1e8360f5e5b7bb7d5708d0cc2d52c7dab8cfc833dbc
      output: policyexception-kyverno-v2.json
      output_sha256: e2350ad2d1658b85af9f8a634cb040dd76de228d4b66dcca84ddb1f557fc6bd3
    - name: kueue-workload
      group: kueue.x-k8s.io
      version: v1beta2
      kind: Workload
      source: >-
        https://raw.githubusercontent.com/kubernetes-sigs/kueue/v0.19.1/config/components/crd/bases/kueue.x-k8s.io_workloads.yaml
      source_sha256: 1970ff6fcc5dc1a29e3f290ed736032c5d4509c94efe2c642d64a244ad1b8aa5
      output: workload-kueue-v1beta2.json
      output_sha256: 93e3ed8cedcc14bee6574bf52b4fd5849da9390ad127480cd695e4af9b2c6fdb
    - name: longhorn-volume
      group: longhorn.io
      version: v1beta2
      kind: Volume
      source: >-
        https://raw.githubusercontent.com/longhorn/longhorn-manager/v1.12.1/k8s/crds.yaml
      source_sha256: 57ca77ef3208977ccb2812d23f963ddc588509a459e85c37cfef9c83bbeb989c
      normalization: longhorn-helm-labels-v1
      output: volume-longhorn-v1beta2.json
      output_sha256: e0fadf808138cb26672127f27e1a3d385de9e426075c302ef4e32b19a4ce8d35
    - name: longhorn-node
      group: longhorn.io
      version: v1beta2
      kind: Node
      source: >-
        https://raw.githubusercontent.com/longhorn/longhorn-manager/v1.12.1/k8s/crds.yaml
      source_sha256: 57ca77ef3208977ccb2812d23f963ddc588509a459e85c37cfef9c83bbeb989c
      normalization: longhorn-helm-labels-v1
      output: node-longhorn-v1beta2.json
      output_sha256: d19feece481d275b52ec922e8110aec782c875dc9cfc1e17cc6246cf719bcf09
    - name: longhorn-setting
      group: longhorn.io
      version: v1beta2
      kind: Setting
      source: >-
        https://raw.githubusercontent.com/longhorn/longhorn-manager/v1.12.1/k8s/crds.yaml
      source_sha256: 57ca77ef3208977ccb2812d23f963ddc588509a459e85c37cfef9c83bbeb989c
      normalization: longhorn-helm-labels-v1
      output: setting-longhorn-v1beta2.json
      output_sha256: 163910bbea0665b2b9fbba92f1343c8ca7f0078461b8c70fa733b942220e60d7
    - name: velero-backup
      group: velero.io
      version: v1
      kind: Backup
      source: >-
        https://raw.githubusercontent.com/velero-io/velero/v1.18.1/config/crd/v1/bases/velero.io_backups.yaml
      source_sha256: 38107fa5fad6bff25794489d12c8a898eed4d9d89ed49d00ea90369bc4e206b1
      output: backup-velero-v1.json
      output_sha256: 1e4e9942981f221a35d1150aa7688430d0fda6207c034014495130851da647c4
    - name: velero-backupstoragelocation
      group: velero.io
      version: v1
      kind: BackupStorageLocation
      source: >-
        https://raw.githubusercontent.com/velero-io/velero/v1.18.1/config/crd/v1/bases/velero.io_backupstoragelocations.yaml
      source_sha256: bd6e8fb1169d6e9299f49090f86cb9aa263a9e67314013ba231e93ba74485eba
      output: backupstoragelocation-velero-v1.json
      output_sha256: 240a87e63ae1ea6768c96676792929229f6fc317a420e303d3d3524ae3691d85
    - name: velero-volumesnapshotlocation
      group: velero.io
      version: v1
      kind: VolumeSnapshotLocation
      source: >-
        https://raw.githubusercontent.com/velero-io/velero/v1.18.1/config/crd/v1/bases/velero.io_volumesnapshotlocations.yaml
      source_sha256: ec1b87c3f1b83053e97e01edf3aa059dff2bcb73c9d8a89bc08a5e8644777849
      output: volumesnapshotlocation-velero-v1.json
      output_sha256: 208523b48abe0b57a5a1b3dab7f706fda47bba8a66027f66bde73030c13ee3f3
    - name: velero-schedule
      group: velero.io
      version: v1
      kind: Schedule
      source: >-
        https://raw.githubusercontent.com/velero-io/velero/v1.18.1/config/crd/v1/bases/velero.io_schedules.yaml
      source_sha256: d2276c19d93b63ed848fb492a0f34a2ac1e162938bed499a824acf356b5860c9
      output: schedule-velero-v1.json
      output_sha256: 4bfd4e0a270edde1cf9a173804bcdea9f44e393c5d7e4e59b5c861b8acc90584
    - name: prometheus-operator-prometheusrule
      group: monitoring.coreos.com
      version: v1
      kind: PrometheusRule
      source: >-
        https://raw.githubusercontent.com/prometheus-operator/prometheus-operator/v0.93.0/example/prometheus-operator-crd/monitoring.coreos.com_prometheusrules.yaml
      source_sha256: 78be98554b9c8506ab2b4f4feb91c5f3a56e536a0a510f3a8e876a459970d56d
      output: prometheusrule-monitoring-v1.json
      output_sha256: 3714828e611fba744fda6c0bc405546a1e712239886af4ee8d7a02d97bbd33a9
    - name: prometheus-operator-servicemonitor
      group: monitoring.coreos.com
      version: v1
      kind: ServiceMonitor
      source: >-
        https://raw.githubusercontent.com/prometheus-operator/prometheus-operator/v0.93.0/example/prometheus-operator-crd/monitoring.coreos.com_servicemonitors.yaml
      source_sha256: a99047972c9dd7679ce2050b9968e8a08773492e671b3e17abd476d42aa78a32
      output: servicemonitor-monitoring-v1.json
      output_sha256: 897341953e8576bd8ca9459a24450d0e97bef401cae8f44f61bd735d6393ba58
    - name: prometheus-operator-podmonitor
      group: monitoring.coreos.com
      version: v1
      kind: PodMonitor
      source: >-
        https://raw.githubusercontent.com/prometheus-operator/prometheus-operator/v0.93.0/example/prometheus-operator-crd/monitoring.coreos.com_podmonitors.yaml
      source_sha256: 45a93443daa687d3654f7e9631909ff7edcdf3ec09c5e60251b74aa2722aee5d
      output: podmonitor-monitoring-v1.json
      output_sha256: 23f51912e0d4bbc9bbeb51f53c8b7870ddce5bde77b9ac6bac6cad43fc80dc5a
    - name: prometheus-operator-prometheus
      group: monitoring.coreos.com
      version: v1
      kind: Prometheus
      source: >-
        https://raw.githubusercontent.com/prometheus-operator/prometheus-operator/v0.93.0/example/prometheus-operator-crd/monitoring.coreos.com_prometheuses.yaml
      source_sha256: c0eed4b2c38a58e3a5be7e2f5846df067804c694b0c9316b35029ab68fa183a4
      output: prometheus-monitoring-v1.json
      output_sha256: eb8b5cfe81625e543cbca599c1461d5c25fed4f47da29083a1225f4fd5d9c7cb
    - name: prometheus-operator-alertmanager
      group: monitoring.coreos.com
      version: v1
      kind: Alertmanager
      source: >-
        https://raw.githubusercontent.com/prometheus-operator/prometheus-operator/v0.93.0/example/prometheus-operator-crd/monitoring.coreos.com_alertmanagers.yaml
      source_sha256: 0e8eccd22699818c93f619c8fe2d92dbbd783a7e9232827a886dedeac1fb5dc1
      output: alertmanager-monitoring-v1.json
      output_sha256: 6f8fe35dfe6e3c93f125909536c75dcba6c5b8b8386e1538b8de8299fe897743
    - name: sealed-secrets-sealedsecret
      group: bitnami.com
      version: v1alpha1
      kind: SealedSecret
      source: >-
        https://raw.githubusercontent.com/bitnami-labs/sealed-secrets/v0.38.1/helm/sealed-secrets/crds/bitnami.com_sealedsecrets.yaml
      source_sha256: fb33ba448b89c2c3252480664078b7f4bdf0949426e5280d07ca049c0dbdbfb7
      output: sealedsecret-bitnami-v1alpha1.json
      output_sha256: 294e9dad7fa0fbccfd161e52b4ba5f5fe0c15fc496162738d39db89a6bcb2b09
    - name: cilium-network-policy
      group: cilium.io
      version: v2
      kind: CiliumNetworkPolicy
      source: >-
        https://raw.githubusercontent.com/cilium/cilium/v1.19.6/pkg/k8s/apis/cilium.io/client/crds/v2/ciliumnetworkpolicies.yaml
      source_sha256: 1b1738a904de1152c43078e6a873440aea100f30f10ce5ed4e8622524c13fa43
      output: ciliumnetworkpolicy-cilium-v2.json
      output_sha256: 917a0c28f44793cae8b147f2648104b261375e9a21883a504a9684f311fb8592
  policy: >-
    Reject a custom-resource manifest unless a matching local schema exists;
    every new kind/version requires a pinned source, checksum, and validation fixture.
